
Microsoft Visual Studio Solution File, Format Version 12.00
# Visual Studio 15
VisualStudioVersion = 15.0.26403.7
MinimumVisualStudioVersion = 10.0.40219.1
Project("{FAE04EC0-301F-11D3-BF4B-00C04F79EFBC}") = "DevSp.Domain", "DevSp\DevSp.Domain.csproj", "{40797041-90BC-40AA-BD53-AB361960E2A0}"
EndProject
Project("{FAE04EC0-301F-11D3-BF4B-00C04F79EFBC}") = "DevSp.Data", "DevSp.Data\DevSp.Data.csproj", "{2F0EB1E0-ECF6-4481-9B04-B85C7DA38DD5}"
EndProject
Project("{2150E333-8FDC-42A3-9474-1A3956D46DE8}") = "1 - Presentation", "1 - Presentation", "{607521ED-3A1D-41D7-A360-FF4935544AB3}"
EndProject
Project("{2150E333-8FDC-42A3-9474-1A3956D46DE8}") = "2 - Domain", "2 - Domain", "{F639EE9B-23CB-4E5A-82DF-FFD5074B330A}"
EndProject
Project("{2150E333-8FDC-42A3-9474-1A3956D46DE8}") = "3 - Infra", "3 - Infra", "{51F06EA8-BE03-478C-9DC9-CDA78581575A}"
EndProject
Project("{FAE04EC0-301F-11D3-BF4B-00C04F79EFBC}") = "DevSp.Site", "DevSp.Site\DevSp.Site.csproj", "{01E3D926-E556-441B-A5DC-9A8A01CFC141}"
EndProject
Global
	GlobalSection(SolutionConfigurationPlatforms) = preSolution
		Debug|Any CPU = Debug|Any CPU
		Release|Any CPU = Release|Any CPU
	EndGlobalSection
	GlobalSection(ProjectConfigurationPlatforms) = postSolution
		{40797041-90BC-40AA-BD53-AB361960E2A0}.Debug|Any CPU.ActiveCfg = Debug|Any CPU
		{40797041-90BC-40AA-BD53-AB361960E2A0}.Debug|Any CPU.Build.0 = Debug|Any CPU
		{40797041-90BC-40AA-BD53-AB361960E2A0}.Release|Any CPU.ActiveCfg = Release|Any CPU
		{40797041-90BC-40AA-BD53-AB361960E2A0}.Release|Any CPU.Build.0 = Release|Any CPU
		{2F0EB1E0-ECF6-4481-9B04-B85C7DA38DD5}.Debug|Any CPU.ActiveCfg = Debug|Any CPU
		{2F0EB1E0-ECF6-4481-9B04-B85C7DA38DD5}.Debug|Any CPU.Build.0 = Debug|Any CPU
		{2F0EB1E0-ECF6-4481-9B04-B85C7DA38DD5}.Release|Any CPU.ActiveCfg = Release|Any CPU
		{2F0EB1E0-ECF6-4481-9B04-B85C7DA38DD5}.Release|Any CPU.Build.0 = Release|Any CPU
		{01E3D926-E556-441B-A5DC-9A8A01CFC141}.Debug|Any CPU.ActiveCfg = Debug|Any CPU
		{01E3D926-E556-441B-A5DC-9A8A01CFC141}.Debug|Any CPU.Build.0 = Debug|Any CPU
		{01E3D926-E556-441B-A5DC-9A8A01CFC141}.Release|Any CPU.ActiveCfg = Release|Any CPU
		{01E3D926-E556-441B-A5DC-9A8A01CFC141}.Release|Any CPU.Build.0 = Release|Any CPU
	EndGlobalSection
	GlobalSection(SolutionProperties) = preSolution
		HideSolutionNode = FALSE
	EndGlobalSection
	GlobalSection(NestedProjects) = preSolution
		{40797041-90BC-40AA-BD53-AB361960E2A0} = {F639EE9B-23CB-4E5A-82DF-FFD5074B330A}
		{2F0EB1E0-ECF6-4481-9B04-B85C7DA38DD5} = {51F06EA8-BE03-478C-9DC9-CDA78581575A}
		{01E3D926-E556-441B-A5DC-9A8A01CFC141} = {607521ED-3A1D-41D7-A360-FF4935544AB3}
	EndGlobalSection
EndGlobal
